github.com/dave/jennifer v1.4.0 h1:tNJFJmLDVTLu+v05mVZ88RINa3vQqnyyWkTKWYz0CwE=
github.com/dave/jennifer v1.4.0/go.mod h1:fIb+770HOpJ2fmN9EPPKOqm1vMGhB+TwXKMZhrIygKg=
github.com/dave/jennifer v1.4.1 h1:XyqG6cn5RQsTj3qlWQTKlRGAyrTcsk1kUmWdZBzRjDw=
github.com/dave/jennifer v1.4.1/go.mod h1:7jEdnm+qBcxl8PC0zyp7vxcpSRnzXSt9r39tpTVGlwA=
github.com/golangee/dom v0.0.0-20201210093916-f81538256b51/go.mod h1:MV/9eGmwLM6eK4vQoTyai6f8eMIR1Ye9r3AqtlHU/ts=
github.com/golangee/dom v0.0.0-20201217141617-bfee68df2c80 h1:Y+sXYxOOCHMNPHhid0st+6xJYU6QPlFq45Ta0Bkhrxo=
github.com/golangee/dom v0.0.0-20201217141617-bfee68df2c80/go.mod h1:MV/9eGmwLM6eK4vQoTyai6f8eMIR1Ye9r3AqtlHU/ts=
github.com/golangee/gotrino v0.0.0-20201211122155-ae8f55d446a1/go.mod h1:HAGKSdbT34dtlJtLogt9scgzohq0QYUq9yeTG6WIAbo=
github.com/golangee/gotrino v0.0.0-20201217145214-0b84df22917b h1:KhQO3AEjM8JbTMbjfEbIqQKx1gGW0vmV0FblgTZuhI0=
github.com/golangee/gotrino v0.0.0-20201217145214-0b84df22917b/go.mod h1:HAGKSdbT34dtlJtLogt9scgzohq0QYUq9yeTG6WIAbo=
github.com/golangee/gotrino-html v0.0.0-20201217152007-c12acb83fd4a h1:NX9AP4x2aYZgrrIS2drqyo0FU1/1uSQHR0XX79paXfA=
github.com/golangee/gotrino-html v0.0.0-20201217152007-c12acb83fd4a/go.mod h1:mmWXWFsZNL1XlAfC4nOJzc6VRS+orIP+nDWYn1xLdUE=
github.com/golangee/gotrino-tailwind v0.0.0-20201217163134-461d427eddda h1:0TTEAQEDcaoWd7JBBYSgJ5CiMzshmriFOBu54TPdBHY=
github.com/golangee/gotrino-tailwind v0.0.0-20201217163134-461d427eddda/go.mod h1:6iu3NvZXcr5PLyBWCugjOzycJWN2/kPFMabw2Mtyc04=
github.com/golangee/i18n v0.0.0-20201214100216-3e76e2ab7ca4 h1:vVEuW8HFUgnT68vkEEHrnyigpIO7LQX1YKtJ4mp78gY=
github.com/golangee/i18n v0.0.0-20201214100216-3e76e2ab7ca4/go.mod h1:XB5yUChPoI1lvexK28rc5znxyPj6lJNN2wY7zl6uN68=
github.com/golangee/log v0.0.0-20201214095632-610ba2dec6e5 h1:UYE411gQQIorUoIvp9BqFIBCxTwnFUa6XBjN0kjwiqY=
github.com/golangee/log v0.0.0-20201214095632-610ba2dec6e5/go.mod h1:dUiMZFHdnlIsi6KOyAj+5jT+THo32aFtAoFMTRBlwuo=
github.com/golangee/property v0.0.0-20201210101032-527a9915f02f/go.mod h1:Z8QLRlSe+ZuhI67xD93EUIQ2nCEGBvX9LSuVcWhK+0U=
github.com/golangee/property v0.0.0-20201217105724-d213780b9841 h1:vURSBXhcmor9l25vnVG4/ViR5xy5nySXQTMK3K7VtDk=
github.com/golangee/property v0.0.0-20201217105724-d213780b9841/go.mod h1:Z8QLRlSe+ZuhI67xD93EUIQ2nCEGBvX9LSuVcWhK+0U=
github.com/golangee/wasm-net v0.0.0-20201211134535-c97bf6180eb3 h1:cmXBdQbQbYj2Jk6hZtNHNwrqpgvMNVL626vO+jic5Fc=
github.com/golangee/wasm-net v0.0.0-20201211134535-c97bf6180eb3/go.mod h1:JnmzP0ohuo9QtkP79HEyq9weA3/LUfhr728mpI5Yp/8=
github.com/iancoleman/strcase v0.0.0-20191112232945-16388991a334 h1:VHgatEHNcBFEB7inlalqfNqw65aNkM1lGX2yt3NmbS8=
github.com/iancoleman/strcase v0.0.0-20191112232945-16388991a334/go.mod h1:SK73tn/9oHe+/Y0h39VT4UCxmurVJkR5NA7kMEAOgSE=
github.com/iancoleman/strcase v0.1.2 h1:gnomlvw9tnV3ITTAxzKSgTF+8kFWcU/f+TgttpXGz1U=
github.com/iancoleman/strcase v0.1.2/go.mod h1:SK73tn/9oHe+/Y0h39VT4UCxmurVJkR5NA7kMEAOgSE=
github.com/yuin/goldmark v1.2.1 h1:ruQGxdhGHe7FWOJPT0mKs5+pD2Xs1Bm/kdGlHO04FmM=
github.com/yuin/goldmark v1.2.1/go.mod h1:3hX8gzYuyVAZsxl0MRgGTJEmQBFcNTphYh9decYSb74=
golang.org/x/text v0.3.2 h1:tW2bmiBqwgJj/UpqtC8EpXEZVYOwU0yG4iWbprSVAcs=
golang.org/x/text v0.3.2/go.mod h1:bEr9sfX3Q8Zfm5fL9x+3itogRgK3+ptLWKqgva+5dAk=
golang.org/x/text v0.3.4 h1:0YWbFKbhXG/wIiuHDSKpS0Iy7FSA+u45VtBMfQcFTTc=
golang.org/x/text v0.3.4/go.mod h1:5Zoc/QRtKVWzQhOtBMvqHzDpF6irO9z98xDceosuGiQ=
golang.org/x/tools v0.0.0-20180917221912-90fa682c2a6e/go.mod h1:n7NCudcB/nEzxVGmLbDWY5pfWTLqBcC2KZ6jyYvM4mQ=
